
Microsoft Visual Studio Solution File, Format Version 12.00
# Visual Studio Version 17
VisualStudioVersion = 17.0.32112.339
MinimumVisualStudioVersion = 10.0.40219.1
Project("{FAE04EC0-301F-11D3-BF4B-00C04F79EFBC}") = "GitHubActingUP", "GitHubActingUP\GitHubActingUP.csproj", "{37BC15E6-FD15-4388-96FA-20F88BAAB868}"
EndProject
Global
	GlobalSection(SolutionConfigurationPlatforms) = preSolution
		Debug|Any CPU = Debug|Any CPU
		Release|Any CPU = Release|Any CPU
	EndGlobalSection
	GlobalSection(ProjectConfigurationPlatforms) = postSolution
		{37BC15E6-FD15-4388-96FA-20F88BAAB868}.Debug|Any CPU.ActiveCfg = Debug|Any CPU
		{37BC15E6-FD15-4388-96FA-20F88BAAB868}.Debug|Any CPU.Build.0 = Debug|Any CPU
		{37BC15E6-FD15-4388-96FA-20F88BAAB868}.Release|Any CPU.ActiveCfg = Release|Any CPU
		{37BC15E6-FD15-4388-96FA-20F88BAAB868}.Release|Any CPU.Build.0 = Release|Any CPU
	EndGlobalSection
	GlobalSection(SolutionProperties) = preSolution
		HideSolutionNode = FALSE
	EndGlobalSection
	GlobalSection(ExtensibilityGlobals) = postSolution
		SolutionGuid = {9ED23DB4-B8BD-4022-9126-2C9BEB0B912F}
	EndGlobalSection
EndGlobal
